lockfileVersion: 5.4

specifiers:
  '@kolibri/lib': 1.1.2-rc.5
  '@leanup/form': 1.3.23
  '@leanup/kolibri-components': 1.0.0-rc.0
  '@types/minimatch': 3.0.5
  '@types/minimist': 1.2.2
  '@types/node': 18.6.1
  '@types/normalize-package-data': 2.4.1
  rimraf: 3.0.2
  solid-js: 1.4.8
  typescript: 4.7.4

devDependencies:
  '@kolibri/lib': 1.1.2-rc.5_@leanup+form@1.3.23
  '@leanup/form': 1.3.23
  '@leanup/kolibri-components': 1.0.0-rc.0_yhitepdqg56qr6oa2di7kqelsu
  '@types/minimatch': 3.0.5
  '@types/minimist': 1.2.2
  '@types/node': 18.6.1
  '@types/normalize-package-data': 2.4.1
  rimraf: 3.0.2
  solid-js: 1.4.8
  typescript: 4.7.4

packages:

  /@a11y-ui/core/1.0.0-rc.13:
    resolution: {integrity: sha512-8D7QodJJlX47wc44NS20LOtA/fEO4qA0aAF/I+uL2Ua04c4EAaBBBttzdu31zt+qQTg4EVGgjvgncnKiX1yccg==}
    dependencies:
      '@leanup/lib': 1.3.20
    dev: true

  /@kolibri/core/1.1.2-rc.5:
    resolution: {integrity: sha512-mscCdJIVfPoU1riiJxX8J9zhOsF0WDheUOBk7M6xLA82wLNBHFnCbj4v2HyaSXy5REaZhmzIDK0gMeNyzfnSpQ==}
    dependencies:
      '@a11y-ui/core': 1.0.0-rc.13
      '@leanup/lib': 1.3.23
      rxjs: 7.5.6
    dev: true

  /@kolibri/lib/1.1.2-rc.5_@leanup+form@1.3.23:
    resolution: {integrity: sha512-tWSHKyNlSgDuWaOFNt13bavqs/NcpocAxYpjnhEm/1RRbSEiRON1nbNUDUZVi+vINQkoc6vOCg0i1w8i/M8RDg==}
    peerDependencies:
      '@leanup/form': '>=1.2 && <2'
    dependencies:
      '@kolibri/schema': 1.1.2-rc.5
      '@leanup/form': 1.3.23
      '@leanup/lib': 1.3.23
    dev: true

  /@kolibri/schema/1.1.2-rc.5:
    resolution: {integrity: sha512-nozvizpbvFLVh7YzksHjWlv1F1mqoVIVhttZoHqpSHlIh1DCETX+/ckhrlfM2WO27TYHGnfrZb3roZ+kHtjxsg==}
    dependencies:
      '@kolibri/core': 1.1.2-rc.5
    dev: true

  /@leanup/form/1.3.23:
    resolution: {integrity: sha512-kwrM+zZ4R7wSsFHqsiaGqW0NizBAu/xY86Z8Vw3kmIu3k79Kf5SwklYSBNpM0StU8+UkYY9zDRBIyvMLNL84jA==}
    dependencies:
      '@leanup/lib': 1.3.23
    dev: true

  /@leanup/kolibri-components/1.0.0-rc.0_yhitepdqg56qr6oa2di7kqelsu:
    resolution: {integrity: sha512-oEIHxw8tHLnr8TiNCRv7esmXi7g4DoQlUlyAyjnVQyplcuhCin5sCphXH9xRTFNX1ReQMqKx0a3k2BpdFrvZqA==}
    peerDependencies:
      '@kolibri/lib': '>=1.1 && <2'
      '@leanup/form': '>=1.2 && <2'
    dependencies:
      '@kolibri/lib': 1.1.2-rc.5_@leanup+form@1.3.23
      '@leanup/form': 1.3.23
    dev: true

  /@leanup/lib/1.3.20:
    resolution: {integrity: sha512-xAHNLTMaXuV8ENPoMU+4J1WTzoXciRgkP0U9205DcPcZUf90M7jTCgRBz2z0mrbqNzUjJOaS9eBvznmYsIj+zg==}
    dependencies:
      loglevel: 1.8.0
      tslib: 2.4.0
    dev: true

  /@leanup/lib/1.3.23:
    resolution: {integrity: sha512-OPdlPXe736Huim8Zoqvk4jlGD8iZ+jPGB4lFNRpBf+5TvCkiJZPsBur6Y+Bo+CxGtWK7EZGXWWIE4W0/6c6u6w==}
    dependencies:
      loglevel: 1.8.0
      tslib: 2.4.0
    dev: true

  /@types/minimatch/3.0.5:
    resolution: {integrity: sha512-Klz949h02Gz2uZCMGwDUSDS1YBlTdDDgbWHi+81l29tQALUtvz4rAYi5uoVhE5Lagoq6DeqAUlbrHvW/mXDgdQ==}
    dev: true

  /@types/minimist/1.2.2:
    resolution: {integrity: sha512-jhuKLIRrhvCPLqwPcx6INqmKeiA5EWrsCOPhrlFSrbrmU4ZMPjj5Ul/oLCMDO98XRUIwVm78xICz4EPCektzeQ==}
    dev: true

  /@types/node/18.6.1:
    resolution: {integrity: sha512-z+2vB6yDt1fNwKOeGbckpmirO+VBDuQqecXkgeIqDlaOtmKn6hPR/viQ8cxCfqLU4fTlvM3+YjM367TukWdxpg==}
    dev: true

  /@types/normalize-package-data/2.4.1:
    resolution: {integrity: sha512-Gj7cI7z+98M282Tqmp2K5EIsoouUEzbBJhQQzDE3jSIRk6r9gsz0oUokqIUR4u1R3dMHo0pDHM7sNOHyhulypw==}
    dev: true

  /balanced-match/1.0.2:
    resolution: {integrity: sha512-3oSeUO0TMV67hN1AmbXsK4yaqU7tjiHlbxRDZOpH0KW9+CeX4bRAaX0Anxt0tx2MrpRpWwQaPwIlISEJhYU5Pw==}
    dev: true

  /brace-expansion/1.1.11:
    resolution: {integrity: sha512-iCuPHDFgrHX7H2vEI/5xpz07zSHB00TpugqhmYtVmMO6518mCuRMoOYFldEBl0g187ufozdaHgWKcYFb61qGiA==}
    dependencies:
      balanced-match: 1.0.2
      concat-map: 0.0.1
    dev: true

  /concat-map/0.0.1:
    resolution: {integrity: sha1-2Klr13/Wjfd5OnMDajug1UBdR3s=}
    dev: true

  /fs.realpath/1.0.0:
    resolution: {integrity: sha512-OO0pH2lK6a0hZnAdau5ItzHPI6pUlvI7jMVnxUQRtw4owF2wk8lOSabtGDCTP4Ggrg2MbGnWO9X8K1t4+fGMDw==}
    dev: true

  /glob/7.2.3:
    resolution: {integrity: sha512-nFR0zLpU2YCaRxwoCJvL6UvCH2JFyFVIvwTLsIf21AuHlMskA1hhTdk+LlYJtOlYt9v6dvszD2BGRqBL+iQK9Q==}
    dependencies:
      fs.realpath: 1.0.0
      inflight: 1.0.6
      inherits: 2.0.4
      minimatch: 3.1.2
      once: 1.4.0
      path-is-absolute: 1.0.1
    dev: true

  /inflight/1.0.6:
    resolution: {integrity: sha512-k92I/b08q4wvFscXCLvqfsHCrjrF7yiXsQuIVvVE7N82W3+aqpzuUdBbfhWcy/FZR3/4IgflMgKLOsvPDrGCJA==}
    dependencies:
      once: 1.4.0
      wrappy: 1.0.2
    dev: true

  /inherits/2.0.4:
    resolution: {integrity: sha512-k/vGaX4/Yla3WzyMCvTQOXYeIHvqOKtnqBduzTHpzpQZzAskKMhZ2K+EnBiSM9zGSoIFeMpXKxa4dYeZIQqewQ==}
    dev: true

  /loglevel/1.8.0:
    resolution: {integrity: sha512-G6A/nJLRgWOuuwdNuA6koovfEV1YpqqAG4pRUlFaz3jj2QNZ8M4vBqnVA+HBTmU/AMNUtlOsMmSpF6NyOjztbA==}
    engines: {node: '>= 0.6.0'}
    dev: true

  /minimatch/3.1.2:
    resolution: {integrity: sha512-J7p63hRiAjw1NDEww1W7i37+ByIrOWO5XQQAzZ3VOcL0PNybwpfmV/N05zFAzwQ9USyEcX6t3UO+K5aqBQOIHw==}
    dependencies:
      brace-expansion: 1.1.11
    dev: true

  /once/1.4.0:
    resolution: {integrity: sha512-lNaJgI+2Q5URQBkccEKHTQOPaXdUxnZZElQTZY0MFUAuaEqe1E+Nyvgdz/aIyNi6Z9MzO5dv1H8n58/GELp3+w==}
    dependencies:
      wrappy: 1.0.2
    dev: true

  /path-is-absolute/1.0.1:
    resolution: {integrity: sha512-AVbw3UJ2e9bq64vSaS9Am0fje1Pa8pbGqTTsmXfaIiMpnr5DlDhfJOuLj9Sf95ZPVDAUerDfEk88MPmPe7UCQg==}
    engines: {node: '>=0.10.0'}
    dev: true

  /rimraf/3.0.2:
    resolution: {integrity: sha512-JZkJMZkAGFFPP2YqXZXPbMlMBgsxzE8ILs4lMIX/2o0L9UBw9O/Y3o6wFw/i9YLapcUJWwqbi3kdxIPdC62TIA==}
    hasBin: true
    dependencies:
      glob: 7.2.3
    dev: true

  /rxjs/7.5.6:
    resolution: {integrity: sha512-dnyv2/YsXhnm461G+R/Pe5bWP41Nm6LBXEYWI6eiFP4fiwx6WRI/CD0zbdVAudd9xwLEF2IDcKXLHit0FYjUzw==}
    dependencies:
      tslib: 2.4.0
    dev: true

  /solid-js/1.4.8:
    resolution: {integrity: sha512-XErZdnnYYXF7OwGSUAPcua2y5/ELB/c53zFCpWiEGqxTNoH1iQghzI8EsHJXk06sNn+Z/TGhb8bPDNNGSgimag==}
    dev: true

  /tslib/2.4.0:
    resolution: {integrity: sha512-d6xOpEDfsi2CZVlPQzGeux8XMwLT9hssAsaPYExaQMuYskwb+x1x7J371tWlbBdWHroy99KnVB6qIkUbs5X3UQ==}
    dev: true

  /typescript/4.7.4:
    resolution: {integrity: sha512-C0WQT0gezHuw6AdY1M2jxUO83Rjf0HP7Sk1DtXj6j1EwkQNZrHAg2XPWlq62oqEhYvONq5pkC2Y9oPljWToLmQ==}
    engines: {node: '>=4.2.0'}
    hasBin: true
    dev: true

  /wrappy/1.0.2:
    resolution: {integrity: sha512-l4Sp/DRseor9wL6EvV2+TuQn63dMkPjZ/sp9XkghTEbV9KlPS1xUsZ3u7/IQO4wxtcFB4bgpQPRcR3QCvezPcQ==}
    dev: true
